{
  "lockfile_version": "1",
  "packages": {
    "github:NixOS/nixpkgs/nixpkgs-unstable": {
      "last_modified": "2025-07-30T02:55:55Z",
      "resolved": "github:NixOS/nixpkgs/e44b8dc0882d66e2627a8ff252b04a22f4a629fd?lastModified=1753844155&narHash=sha256-w81jpZeM3AtYlTKIhT05p3IqvJRIHZPyp0Acgb6hXWc%3D"
    },
    "pixi@0.49.0": {
      "last_modified": "2025-07-13T22:45:35Z",
      "resolved": "github:NixOS/nixpkgs/a421ac6595024edcfbb1ef950a3712b89161c359#pixi",
      "source": "devbox-search",
      "version": "0.49.0",
      "systems": {
        "aarch64-darwin": {
          "outputs": [
            {
              "name": "out",
              "path": "/nix/store/gnrayhwjxcpl2vrmn91brkg1wfjrlnw5-pixi-0.49.0",
              "default": true
            }
          ],
          "store_path": "/nix/store/gnrayhwjxcpl2vrmn91brkg1wfjrlnw5-pixi-0.49.0"
        },
        "aarch64-linux": {
          "outputs": [
            {
              "name": "out",
              "path": "/nix/store/bnq8fg98al42s3wcfkgaqb4fg9p2ksi0-pixi-0.49.0",
              "default": true
            }
          ],
          "store_path": "/nix/store/bnq8fg98al42s3wcfkgaqb4fg9p2ksi0-pixi-0.49.0"
        },
        "x86_64-darwin": {
          "outputs": [
            {
              "name": "out",
              "path": "/nix/store/s7vjy57nrvh7khp1ylbbsm7j6wy5xmil-pixi-0.49.0",
              "default": true
            }
          ],
          "store_path": "/nix/store/s7vjy57nrvh7khp1ylbbsm7j6wy5xmil-pixi-0.49.0"
        },
        "x86_64-linux": {
          "outputs": [
            {
              "name": "out",
              "path": "/nix/store/nd7cc1sf11s1kv26ip0znrv5f1jjqf7w-pixi-0.49.0",
              "default": true
            }
          ],
          "store_path": "/nix/store/nd7cc1sf11s1kv26ip0znrv5f1jjqf7w-pixi-0.49.0"
        }
      }
    }
  }
}
